
Microsoft Visual Studio Solution File, Format Version 12.00
# Visual Studio Version 17
VisualStudioVersion = 17.13.35931.197
MinimumVisualStudioVersion = 10.0.40219.1
Project("{2150E333-8FDC-42A3-9474-1A3956D46DE8}") = "src", "src", "{02EA681E-C7D8-13C7-8484-4AC65E1B71E8}"
EndProject
Project("{2150E333-8FDC-42A3-9474-1A3956D46DE8}") = "Core", "Core", "{D86811E4-EA63-425D-B959-D96B82D01236}"
EndProject
Project("{2150E333-8FDC-42A3-9474-1A3956D46DE8}") = "Infraestructure", "Infraestructure", "{66A402A7-663B-4BC2-B505-EF901B53B038}"
EndProject
Project("{2150E333-8FDC-42A3-9474-1A3956D46DE8}") = "Presentation", "Presentation", "{3725F059-F292-424B-8B9B-E0FF2358A8C8}"
EndProject
Project("{2150E333-8FDC-42A3-9474-1A3956D46DE8}") = "Test", "Test", "{6B2CAB31-F370-4BF9-AE1F-2AF8067101A9}"
EndProject
Project("{2150E333-8FDC-42A3-9474-1A3956D46DE8}") = "IOC", "IOC", "{CF5FC62A-6365-494B-B86C-572DCEACF818}"
EndProject
Project("{FAE04EC0-301F-11D3-BF4B-00C04F79EFBC}") = "SolvexTechnicalTest.Core.Domain", "SolvexTechnicalTest.Core.Domain\SolvexTechnicalTest.Core.Domain.csproj", "{E7CBE6CB-86AE-43BB-A46C-5E06BAFB1DE4}"
EndProject
Project("{FAE04EC0-301F-11D3-BF4B-00C04F79EFBC}") = "SolvexTechnicalTest.Core.Application", "SolvexTechnicalTest.Core.Application\SolvexTechnicalTest.Core.Application.csproj", "{16B708C8-466C-4B67-AF91-0FC423541D51}"
EndProject
Project("{FAE04EC0-301F-11D3-BF4B-00C04F79EFBC}") = "SolvexTechnicalTest.Infraestructure.Persistence", "SolvexTechnicalTest.Infraestructure.Persistence\SolvexTechnicalTest.Infraestructure.Persistence.csproj", "{3E2006E5-B4F3-4E3D-8986-77C8EA794864}"
	ProjectSection(ProjectDependencies) = postProject
		{E7CBE6CB-86AE-43BB-A46C-5E06BAFB1DE4} = {E7CBE6CB-86AE-43BB-A46C-5E06BAFB1DE4}
	EndProjectSection
EndProject
Project("{FAE04EC0-301F-11D3-BF4B-00C04F79EFBC}") = "SolvexTechnicalTest.Infraestructe.Identity", "SolvexTechnicalTest.Infraestructe.Identity\SolvexTechnicalTest.Infraestructe.Identity.csproj", "{3E53A43A-4A3C-4A8A-9642-03A9BB06572B}"
EndProject
Project("{FAE04EC0-301F-11D3-BF4B-00C04F79EFBC}") = "SolvexTechnicalTest.IOC", "SolvexTechnicalTest.IOC\SolvexTechnicalTest.IOC.csproj", "{591FDCDE-C2D4-49D7-893D-6E94C310BAFB}"
	ProjectSection(ProjectDependencies) = postProject
		{16B708C8-466C-4B67-AF91-0FC423541D51} = {16B708C8-466C-4B67-AF91-0FC423541D51}
		{3E2006E5-B4F3-4E3D-8986-77C8EA794864} = {3E2006E5-B4F3-4E3D-8986-77C8EA794864}
		{3E53A43A-4A3C-4A8A-9642-03A9BB06572B} = {3E53A43A-4A3C-4A8A-9642-03A9BB06572B}
	EndProjectSection
EndProject
Project("{FAE04EC0-301F-11D3-BF4B-00C04F79EFBC}") = "SolvexTechnicalTest.Presentation.WebApi", "SolvexTechnicalTest.Presentation.WebApi\SolvexTechnicalTest.Presentation.WebApi.csproj", "{4759C50F-893B-4815-82DE-F50334B37E92}"
EndProject
Project("{FAE04EC0-301F-11D3-BF4B-00C04F79EFBC}") = "SolvexTechnicalTest.Infraestructure.Persistence.Test", "SolvexTechnicalTest.Infraestructure.Persistence.Test\SolvexTechnicalTest.Infraestructure.Persistence.Test.csproj", "{908B3552-C213-4C9A-A361-F75207DD95A9}"
EndProject
Project("{FAE04EC0-301F-11D3-BF4B-00C04F79EFBC}") = "SolvexTechnicalTest.Core.Application.Test", "SolvexTechnicalTest.Core.Application.Test\SolvexTechnicalTest.Core.Application.Test.csproj", "{74475F13-5A33-4432-981D-E87277A942F4}"
EndProject
Global
	GlobalSection(SolutionConfigurationPlatforms) = preSolution
		Debug|Any CPU = Debug|Any CPU
		Release|Any CPU = Release|Any CPU
	EndGlobalSection
	GlobalSection(ProjectConfigurationPlatforms) = postSolution
		{E7CBE6CB-86AE-43BB-A46C-5E06BAFB1DE4}.Debug|Any CPU.ActiveCfg = Debug|Any CPU
		{E7CBE6CB-86AE-43BB-A46C-5E06BAFB1DE4}.Debug|Any CPU.Build.0 = Debug|Any CPU
		{E7CBE6CB-86AE-43BB-A46C-5E06BAFB1DE4}.Release|Any CPU.ActiveCfg = Release|Any CPU
		{E7CBE6CB-86AE-43BB-A46C-5E06BAFB1DE4}.Release|Any CPU.Build.0 = Release|Any CPU
		{16B708C8-466C-4B67-AF91-0FC423541D51}.Debug|Any CPU.ActiveCfg = Debug|Any CPU
		{16B708C8-466C-4B67-AF91-0FC423541D51}.Debug|Any CPU.Build.0 = Debug|Any CPU
		{16B708C8-466C-4B67-AF91-0FC423541D51}.Release|Any CPU.ActiveCfg = Release|Any CPU
		{16B708C8-466C-4B67-AF91-0FC423541D51}.Release|Any CPU.Build.0 = Release|Any CPU
		{3E2006E5-B4F3-4E3D-8986-77C8EA794864}.Debug|Any CPU.ActiveCfg = Debug|Any CPU
		{3E2006E5-B4F3-4E3D-8986-77C8EA794864}.Debug|Any CPU.Build.0 = Debug|Any CPU
		{3E2006E5-B4F3-4E3D-8986-77C8EA794864}.Release|Any CPU.ActiveCfg = Release|Any CPU
		{3E2006E5-B4F3-4E3D-8986-77C8EA794864}.Release|Any CPU.Build.0 = Release|Any CPU
		{3E53A43A-4A3C-4A8A-9642-03A9BB06572B}.Debug|Any CPU.ActiveCfg = Debug|Any CPU
		{3E53A43A-4A3C-4A8A-9642-03A9BB06572B}.Debug|Any CPU.Build.0 = Debug|Any CPU
		{3E53A43A-4A3C-4A8A-9642-03A9BB06572B}.Release|Any CPU.ActiveCfg = Release|Any CPU
		{3E53A43A-4A3C-4A8A-9642-03A9BB06572B}.Release|Any CPU.Build.0 = Release|Any CPU
		{591FDCDE-C2D4-49D7-893D-6E94C310BAFB}.Debug|Any CPU.ActiveCfg = Debug|Any CPU
		{591FDCDE-C2D4-49D7-893D-6E94C310BAFB}.Debug|Any CPU.Build.0 = Debug|Any CPU
		{591FDCDE-C2D4-49D7-893D-6E94C310BAFB}.Release|Any CPU.ActiveCfg = Release|Any CPU
		{591FDCDE-C2D4-49D7-893D-6E94C310BAFB}.Release|Any CPU.Build.0 = Release|Any CPU
		{4759C50F-893B-4815-82DE-F50334B37E92}.Debug|Any CPU.ActiveCfg = Debug|Any CPU
		{4759C50F-893B-4815-82DE-F50334B37E92}.Debug|Any CPU.Build.0 = Debug|Any CPU
		{4759C50F-893B-4815-82DE-F50334B37E92}.Release|Any CPU.ActiveCfg = Release|Any CPU
		{4759C50F-893B-4815-82DE-F50334B37E92}.Release|Any CPU.Build.0 = Release|Any CPU
		{908B3552-C213-4C9A-A361-F75207DD95A9}.Debug|Any CPU.ActiveCfg = Debug|Any CPU
		{908B3552-C213-4C9A-A361-F75207DD95A9}.Debug|Any CPU.Build.0 = Debug|Any CPU
		{908B3552-C213-4C9A-A361-F75207DD95A9}.Release|Any CPU.ActiveCfg = Release|Any CPU
		{908B3552-C213-4C9A-A361-F75207DD95A9}.Release|Any CPU.Build.0 = Release|Any CPU
		{74475F13-5A33-4432-981D-E87277A942F4}.Debug|Any CPU.ActiveCfg = Debug|Any CPU
		{74475F13-5A33-4432-981D-E87277A942F4}.Debug|Any CPU.Build.0 = Debug|Any CPU
		{74475F13-5A33-4432-981D-E87277A942F4}.Release|Any CPU.ActiveCfg = Release|Any CPU
		{74475F13-5A33-4432-981D-E87277A942F4}.Release|Any CPU.Build.0 = Release|Any CPU
	EndGlobalSection
	GlobalSection(SolutionProperties) = preSolution
		HideSolutionNode = FALSE
	EndGlobalSection
	GlobalSection(NestedProjects) = preSolution
		{D86811E4-EA63-425D-B959-D96B82D01236} = {02EA681E-C7D8-13C7-8484-4AC65E1B71E8}
		{66A402A7-663B-4BC2-B505-EF901B53B038} = {02EA681E-C7D8-13C7-8484-4AC65E1B71E8}
		{3725F059-F292-424B-8B9B-E0FF2358A8C8} = {02EA681E-C7D8-13C7-8484-4AC65E1B71E8}
		{6B2CAB31-F370-4BF9-AE1F-2AF8067101A9} = {02EA681E-C7D8-13C7-8484-4AC65E1B71E8}
		{CF5FC62A-6365-494B-B86C-572DCEACF818} = {02EA681E-C7D8-13C7-8484-4AC65E1B71E8}
		{E7CBE6CB-86AE-43BB-A46C-5E06BAFB1DE4} = {D86811E4-EA63-425D-B959-D96B82D01236}
		{16B708C8-466C-4B67-AF91-0FC423541D51} = {D86811E4-EA63-425D-B959-D96B82D01236}
		{3E2006E5-B4F3-4E3D-8986-77C8EA794864} = {66A402A7-663B-4BC2-B505-EF901B53B038}
		{3E53A43A-4A3C-4A8A-9642-03A9BB06572B} = {66A402A7-663B-4BC2-B505-EF901B53B038}
		{591FDCDE-C2D4-49D7-893D-6E94C310BAFB} = {CF5FC62A-6365-494B-B86C-572DCEACF818}
		{4759C50F-893B-4815-82DE-F50334B37E92} = {3725F059-F292-424B-8B9B-E0FF2358A8C8}
		{908B3552-C213-4C9A-A361-F75207DD95A9} = {6B2CAB31-F370-4BF9-AE1F-2AF8067101A9}
		{74475F13-5A33-4432-981D-E87277A942F4} = {6B2CAB31-F370-4BF9-AE1F-2AF8067101A9}
	EndGlobalSection
	GlobalSection(ExtensibilityGlobals) = postSolution
		SolutionGuid = {8734722B-E9B5-431B-9F57-2036266663A0}
	EndGlobalSection
EndGlobal
